// !$*UTF8*$!
{
	archiveVersion = 1;
	classes = {
	};
	objectVersion = 77;
	objects = {

/* Begin PBXBuildFile section */
		SA0000000000000000000002 /* SinRutinaShieldAction.appex in [missing build phase] */ = {isa = PBXBuildFile; fileRef = SA0000000000000000000001 /* SinRutinaShieldAction.appex */; settings = {ATTRIBUTES = (RemoveHeadersOnCopy, ); }; };
		SC0000000000000000000002 /* SinRutinaShieldConfig.appex in [missing build phase] */ = {isa = PBXBuildFile; fileRef = SC0000000000000000000001 /* SinRutinaShieldConfig.appex */; settings = {ATTRIBUTES = (RemoveHeadersOnCopy, ); }; };
		XXD6C732ED4A4778E7CAFCXX /* SinRutinaWidget.appex in [missing build phase] */ = {isa = PBXBuildFile; fileRef = XX0B0060733618D61AB071XX /* SinRutinaWidget.appex */; settings = {ATTRIBUTES = (RemoveHeadersOnCopy, ); }; };
		XXF8C3D78B24F9F56A4AE5XX /* SinRutinaShare.appex in [missing build phase] */ = {isa = PBXBuildFile; fileRef = XX2AD64040781A61BCF4EEXX /* SinRutinaShare.appex */; settings = {ATTRIBUTES = (RemoveHeadersOnCopy, ); }; };
/* End PBXBuildFile section */

/* Begin PBXContainerItemProxy section */
		105FC58A2E9EAD3200EA8BCF /* PBXContainerItemProxy */ = {
			isa = PBXContainerItemProxy;
			containerPortal = 105FC5722E9EAD3100EA8BCF /* Project object */;
			proxyType = 1;
			remoteGlobalIDString = 105FC5792E9EAD3100EA8BCF;
			remoteInfo = SinRutina;
		};
		105FC5942E9EAD3200EA8BCF /* PBXContainerItemProxy */ = {
			isa = PBXContainerItemProxy;
			containerPortal = 105FC5722E9EAD3100EA8BCF /* Project object */;
			proxyType = 1;
			remoteGlobalIDString = 105FC5792E9EAD3100EA8BCF;
			remoteInfo = SinRutina;
		};
		SA0000000000000000000003 /* PBXContainerItemProxy */ = {
			isa = PBXContainerItemProxy;
			containerPortal = 105FC5722E9EAD3100EA8BCF /* Project object */;
			proxyType = 1;
			remoteGlobalIDString = SA0000000000000000000010;
			remoteInfo = SinRutinaShieldAction;
		};
		SC0000000000000000000003 /* PBXContainerItemProxy */ = {
			isa = PBXContainerItemProxy;
			containerPortal = 105FC5722E9EAD3100EA8BCF /* Project object */;
			proxyType = 1;
			remoteGlobalIDString = SC0000000000000000000010;
			remoteInfo = SinRutinaShieldConfig;
		};
		XX21208C7E854A9A95B291XX /* PBXContainerItemProxy */ = {
			isa = PBXContainerItemProxy;
			containerPortal = 105FC5722E9EAD3100EA8BCF /* Project object */;
			proxyType = 1;
			remoteGlobalIDString = XXA6F677C54C897A335D33XX;
			remoteInfo = SinRutinaShare;
		};
		XX4583B07050A1C3CC1EBFXX /* PBXContainerItemProxy */ = {
			isa = PBXContainerItemProxy;
			containerPortal = 105FC5722E9EAD3100EA8BCF /* Project object */;
			proxyType = 1;
			remoteGlobalIDString = XX5416A206134C9CCE3471XX;
			remoteInfo = SinRutinaWidget;
		};
/* End PBXContainerItemProxy section */

/* Begin PBXCopyFilesBuildPhase section */
		XX8618DA762832199DA68BXX /* Embed Foundation Extensions */ = {
			isa = PBXCopyFilesBuildPhase;
			buildActionMask = 2147483647;
			files = (
			);
			runOnlyForDeploymentPostprocessing = 0;
			name = "Embed Foundation Extensions";
			dstPath = "";
			dstSubfolderSpec = 13;
		};
/* End PBXCopyFilesBuildPhase section */

/* Begin PBXFileReference section */
		105FC57A2E9EAD3100EA8BCF /* SinRutina.app */ = {isa = PBXFileReference; explicitFileType = wrapper.application; includeInIndex = 0; path = SinRutina.app; sourceTree = BUILT_PRODUCTS_DIR; };
		105FC5892E9EAD3200EA8BCF /* SinRutinaTests.xctest */ = {isa = PBXFileReference; explicitFileType = wrapper.cfbundle; includeInIndex = 0; path = SinRutinaTests.xctest; sourceTree = BUILT_PRODUCTS_DIR; };
		105FC5932E9EAD3200EA8BCF /* SinRutinaUITests.xctest */ = {isa = PBXFileReference; explicitFileType = wrapper.cfbundle; includeInIndex = 0; path = SinRutinaUITests.xctest; sourceTree = BUILT_PRODUCTS_DIR; };
		SA0000000000000000000001 /* SinRutinaShieldAction.appex */ = {isa = PBXFileReference; explicitFileType = "wrapper.app-extension"; includeInIndex = 0; path = SinRutinaShieldAction.appex; sourceTree = BUILT_PRODUCTS_DIR; };
		SC0000000000000000000001 /* SinRutinaShieldConfig.appex */ = {isa = PBXFileReference; explicitFileType = "wrapper.app-extension"; includeInIndex = 0; path = SinRutinaShieldConfig.appex; sourceTree = BUILT_PRODUCTS_DIR; };
		XX0B0060733618D61AB071XX /* SinRutinaWidget.appex */ = {isa = PBXFileReference; explicitFileType = "wrapper.app-extension"; includeInIndex = 0; path = SinRutinaWidget.appex; sourceTree = BUILT_PRODUCTS_DIR; };
		XX2AD64040781A61BCF4EEXX /* SinRutinaShare.appex */ = {isa = PBXFileReference; explicitFileType = "wrapper.app-extension"; includeInIndex = 0; path = SinRutinaShare.appex; sourceTree = BUILT_PRODUCTS_DIR; };
/* End PBXFileReference section */

/* Begin PBXFileSystemSynchronizedBuildFileExceptionSet section */
		AA10000000000000000002AA /* Exceptions for "SinRutina" folder in "SinRutina" target */ = {
			isa = PBXFileSystemSynchronizedBuildFileExceptionSet;
			membershipExceptions = (
				SinRutina.entitlements,
			);
			target = 105FC5792E9EAD3100EA8BCF /* SinRutina */;
		};
		SA0000000000000000000005 /* Exceptions for "SinRutinaShieldAction" folder in "SinRutinaShieldAction" target */ = {
			isa = PBXFileSystemSynchronizedBuildFileExceptionSet;
			membershipExceptions = (
				Info.plist,
				SinRutinaShieldAction.entitlements,
			);
			target = SA0000000000000000000010 /* SinRutinaShieldAction */;
		};
		SC0000000000000000000005 /* Exceptions for "SinRutinaShieldConfig" folder in "SinRutinaShieldConfig" target */ = {
			isa = PBXFileSystemSynchronizedBuildFileExceptionSet;
			membershipExceptions = (
				Info.plist,
				SinRutinaShieldConfig.entitlements,
			);
			target = SC0000000000000000000010 /* SinRutinaShieldConfig */;
		};
		XXA23CECBB07BC9D0B7F46XX /* Exceptions for "SinRutinaWidget" folder in "SinRutinaWidget" target */ = {
			isa = PBXFileSystemSynchronizedBuildFileExceptionSet;
			membershipExceptions = (
				Info.plist,
				SinRutinaWidget.entitlements,
			);
			target = XX5416A206134C9CCE3471XX /* SinRutinaWidget */;
		};
		XXAB3CB90EF2BBAC14714EXX /* Exceptions for "SinRutinaShare" folder in "SinRutinaShare" target */ = {
			isa = PBXFileSystemSynchronizedBuildFileExceptionSet;
			membershipExceptions = (
				Info.plist,
				SinRutinaShare.entitlements,
			);
			target = XXA6F677C54C897A335D33XX /* SinRutinaShare */;
		};
/* End PBXFileSystemSynchronizedBuildFileExceptionSet section */

/* Begin PBXFileSystemSynchronizedRootGroup section */
		105FC57C2E9EAD3100EA8BCF /* SinRutina */ = {
			isa = PBXFileSystemSynchronizedRootGroup;
			path = SinRutina;
			sourceTree = "<group>";
			exceptions = (
				AA10000000000000000002AA /* Exceptions for "SinRutina" folder in "SinRutina" target */,
			);
		};
		105FC58C2E9EAD3200EA8BCF /* SinRutinaTests */ = {
			isa = PBXFileSystemSynchronizedRootGroup;
			path = SinRutinaTests;
			sourceTree = "<group>";
		};
		105FC5962E9EAD3200EA8BCF /* SinRutinaUITests */ = {
			isa = PBXFileSystemSynchronizedRootGroup;
			path = SinRutinaUITests;
			sourceTree = "<group>";
		};
		AA10000000000000000001AA /* SinRutinaShared */ = {
			isa = PBXFileSystemSynchronizedRootGroup;
			path = SinRutinaShared;
			sourceTree = "<group>";
		};
		SA0000000000000000000006 /* SinRutinaShieldAction */ = {
			isa = PBXFileSystemSynchronizedRootGroup;
			path = SinRutinaShieldAction;
			sourceTree = "<group>";
			exceptions = (
				SA0000000000000000000005 /* Exceptions for "SinRutinaShieldAction" folder in "SinRutinaShieldAction" target */,
			);
		};
		SC0000000000000000000006 /* SinRutinaShieldConfig */ = {
			isa = PBXFileSystemSynchronizedRootGroup;
			path = SinRutinaShieldConfig;
			sourceTree = "<group>";
			exceptions = (
				SC0000000000000000000005 /* Exceptions for "SinRutinaShieldConfig" folder in "SinRutinaShieldConfig" target */,
			);
		};
		XX44D4A9777B676D58E1A3XX /* SinRutinaWidget */ = {
			isa = PBXFileSystemSynchronizedRootGroup;
			path = SinRutinaWidget;
			sourceTree = "<group>";
			exceptions = (
				XXA23CECBB07BC9D0B7F46XX /* Exceptions for "SinRutinaWidget" folder in "SinRutinaWidget" target */,
			);
		};
		XX6E8DBA43840B9F5908BEXX /* SinRutinaShare */ = {
			isa = PBXFileSystemSynchronizedRootGroup;
			path = SinRutinaShare;
			sourceTree = "<group>";
			exceptions = (
				XXAB3CB90EF2BBAC14714EXX /* Exceptions for "SinRutinaShare" folder in "SinRutinaShare" target */,
			);
		};
/* End PBXFileSystemSynchronizedRootGroup section */

/* Begin PBXFrameworksBuildPhase section */
		105FC5772E9EAD3100EA8BCF /* Frameworks */ = {
			isa = PBXFrameworksBuildPhase;
			buildActionMask = 2147483647;
			files = (
			);
			runOnlyForDeploymentPostprocessing = 0;
		};
		105FC5862E9EAD3200EA8BCF /* Frameworks */ = {
			isa = PBXFrameworksBuildPhase;
			buildActionMask = 2147483647;
			files = (
			);
			runOnlyForDeploymentPostprocessing = 0;
		};
		105FC5902E9EAD3200EA8BCF /* Frameworks */ = {
			isa = PBXFrameworksBuildPhase;
			buildActionMask = 2147483647;
			files = (
			);
			runOnlyForDeploymentPostprocessing = 0;
		};
		SA0000000000000000000007 /* Frameworks */ = {
			isa = PBXFrameworksBuildPhase;
			buildActionMask = 2147483647;
			files = (
			);
			runOnlyForDeploymentPostprocessing = 0;
		};
		SC0000000000000000000007 /* Frameworks */ = {
			isa = PBXFrameworksBuildPhase;
			buildActionMask = 2147483647;
			files = (
			);
			runOnlyForDeploymentPostprocessing = 0;
		};
		XX851DE347EBB700A6B504XX /* Frameworks */ = {
			isa = PBXFrameworksBuildPhase;
			buildActionMask = 2147483647;
			files = (
			);
			runOnlyForDeploymentPostprocessing = 0;
		};
		XXCEB4343AC4560A53DC7BXX /* Frameworks */ = {
			isa = PBXFrameworksBuildPhase;
			buildActionMask = 2147483647;
			files = (
			);
			runOnlyForDeploymentPostprocessing = 0;
		};
/* End PBXFrameworksBuildPhase section */

/* Begin PBXGroup section */
		105FC5712E9EAD3100EA8BCF = {
			isa = PBXGroup;
			children = (
				105FC57C2E9EAD3100EA8BCF /* SinRutina */,
				AA10000000000000000001AA /* SinRutinaShared */,
				105FC58C2E9EAD3200EA8BCF /* SinRutinaTests */,
				105FC5962E9EAD3200EA8BCF /* SinRutinaUITests */,
				105FC57B2E9EAD3100EA8BCF /* Products */,
				XX44D4A9777B676D58E1A3XX /* SinRutinaWidget */,
				XX6E8DBA43840B9F5908BEXX /* SinRutinaShare */,
				SC0000000000000000000006 /* SinRutinaShieldConfig */,
				SA0000000000000000000006 /* SinRutinaShieldAction */,
			);
			sourceTree = "<group>";
		};
		105FC57B2E9EAD3100EA8BCF /* Products */ = {
			isa = PBXGroup;
			children = (
				105FC57A2E9EAD3100EA8BCF /* SinRutina.app */,
				105FC5892E9EAD3200EA8BCF /* SinRutinaTests.xctest */,
				105FC5932E9EAD3200EA8BCF /* SinRutinaUITests.xctest */,
				XX0B0060733618D61AB071XX /* SinRutinaWidget.appex */,
				XX2AD64040781A61BCF4EEXX /* SinRutinaShare.appex */,
				SC0000000000000000000001 /* SinRutinaShieldConfig.appex */,
				SA0000000000000000000001 /* SinRutinaShieldAction.appex */,
			);
			name = Products;
			sourceTree = "<group>";
		};
/* End PBXGroup section */

/* Begin PBXNativeTarget section */
		105FC5792E9EAD3100EA8BCF /* SinRutina */ = {
			isa = PBXNativeTarget;
			buildConfigurationList = 105FC59D2E9EAD3200EA8BCF /* Build configuration list for PBXNativeTarget "SinRutina" */;
			buildPhases = (
				105FC5762E9EAD3100EA8BCF /* Sources */,
				105FC5772E9EAD3100EA8BCF /* Frameworks */,
				105FC5782E9EAD3100EA8BCF /* Resources */,
				XX8618DA762832199DA68BXX /* Embed Foundation Extensions */,
			);
			buildRules = (
			);
			dependencies = (
			);
			fileSystemSynchronizedGroups = (
				105FC57C2E9EAD3100EA8BCF /* SinRutina */,
				AA10000000000000000001AA /* SinRutinaShared */,
			);
			name = SinRutina;
			packageProductDependencies = (
			);
			productName = SinRutina;
			productReference = 105FC57A2E9EAD3100EA8BCF /* SinRutina.app */;
			productType = "com.apple.product-type.application";
		};
		105FC5882E9EAD3200EA8BCF /* SinRutinaTests */ = {
			isa = PBXNativeTarget;
			buildConfigurationList = 105FC5A02E9EAD3200EA8BCF /* Build configuration list for PBXNativeTarget "SinRutinaTests" */;
			buildPhases = (
				105FC5852E9EAD3200EA8BCF /* Sources */,
				105FC5862E9EAD3200EA8BCF /* Frameworks */,
				105FC5872E9EAD3200EA8BCF /* Resources */,
			);
			buildRules = (
			);
			dependencies = (
				105FC58B2E9EAD3200EA8BCF /* PBXTargetDependency */,
			);
			fileSystemSynchronizedGroups = (
				105FC58C2E9EAD3200EA8BCF /* SinRutinaTests */,
			);
			name = SinRutinaTests;
			packageProductDependencies = (
			);
			productName = SinRutinaTests;
			productReference = 105FC5892E9EAD3200EA8BCF /* SinRutinaTests.xctest */;
			productType = "com.apple.product-type.bundle.unit-test";
		};
		105FC5922E9EAD3200EA8BCF /* SinRutinaUITests */ = {
			isa = PBXNativeTarget;
			buildConfigurationList = 105FC5A32E9EAD3200EA8BCF /* Build configuration list for PBXNativeTarget "SinRutinaUITests" */;
			buildPhases = (
				105FC58F2E9EAD3200EA8BCF /* Sources */,
				105FC5902E9EAD3200EA8BCF /* Frameworks */,
				105FC5912E9EAD3200EA8BCF /* Resources */,
			);
			buildRules = (
			);
			dependencies = (
				105FC5952E9EAD3200EA8BCF /* PBXTargetDependency */,
			);
			fileSystemSynchronizedGroups = (
				105FC5962E9EAD3200EA8BCF /* SinRutinaUITests */,
			);
			name = SinRutinaUITests;
			packageProductDependencies = (
			);
			productName = SinRutinaUITests;
			productReference = 105FC5932E9EAD3200EA8BCF /* SinRutinaUITests.xctest */;
			productType = "com.apple.product-type.bundle.ui-testing";
		};
		SA0000000000000000000010 /* SinRutinaShieldAction */ = {
			isa = PBXNativeTarget;
			buildConfigurationList = SA0000000000000000000011 /* Build configuration list for PBXNativeTarget "SinRutinaShieldAction" */;
			buildPhases = (
				SA0000000000000000000008 /* Sources */,
				SA0000000000000000000007 /* Frameworks */,
				SA0000000000000000000009 /* Resources */,
			);
			buildRules = (
			);
			dependencies = (
			);
			name = SinRutinaShieldAction;
			productName = SinRutinaShieldAction;
			productReference = SA0000000000000000000001 /* SinRutinaShieldAction.appex */;
			productType = "com.apple.product-type.app-extension";
			fileSystemSynchronizedGroups = (
				SA0000000000000000000006 /* SinRutinaShieldAction */,
				AA10000000000000000001AA /* SinRutinaShared */,
			);
		};
		SC0000000000000000000010 /* SinRutinaShieldConfig */ = {
			isa = PBXNativeTarget;
			buildConfigurationList = SC0000000000000000000011 /* Build configuration list for PBXNativeTarget "SinRutinaShieldConfig" */;
			buildPhases = (
				SC0000000000000000000008 /* Sources */,
				SC0000000000000000000007 /* Frameworks */,
				SC0000000000000000000009 /* Resources */,
			);
			buildRules = (
			);
			dependencies = (
			);
			name = SinRutinaShieldConfig;
			productName = SinRutinaShieldConfig;
			productReference = SC0000000000000000000001 /* SinRutinaShieldConfig.appex */;
			productType = "com.apple.product-type.app-extension";
			fileSystemSynchronizedGroups = (
				SC0000000000000000000006 /* SinRutinaShieldConfig */,
				AA10000000000000000001AA /* SinRutinaShared */,
			);
		};
		XX5416A206134C9CCE3471XX /* SinRutinaWidget */ = {
			isa = PBXNativeTarget;
			buildConfigurationList = XX492F483C5A49498A7F8CXX /* Build configuration list for PBXNativeTarget "SinRutinaWidget" */;
			buildPhases = (
				XX1A5541177830C89E54D1XX /* Sources */,
				XXCEB4343AC4560A53DC7BXX /* Frameworks */,
				XX1B5E43B986D84544AB06XX /* Resources */,
			);
			buildRules = (
			);
			dependencies = (
			);
			name = SinRutinaWidget;
			productName = SinRutinaWidget;
			productReference = XX0B0060733618D61AB071XX /* SinRutinaWidget.appex */;
			productType = "com.apple.product-type.app-extension";
			fileSystemSynchronizedGroups = (
				XX44D4A9777B676D58E1A3XX /* SinRutinaWidget */,
				AA10000000000000000001AA /* SinRutinaShared */,
			);
		};
		XXA6F677C54C897A335D33XX /* SinRutinaShare */ = {
			isa = PBXNativeTarget;
			buildConfigurationList = XX5F467D4A3EB4DBB7D180XX /* Build configuration list for PBXNativeTarget "SinRutinaShare" */;
			buildPhases = (
				XXEB6FD6CDD427EB188841XX /* Sources */,
				XX851DE347EBB700A6B504XX /* Frameworks */,
				XX2D1102088145440A839BXX /* Resources */,
			);
			buildRules = (
			);
			dependencies = (
			);
			name = SinRutinaShare;
			productName = SinRutinaShare;
			productReference = XX2AD64040781A61BCF4EEXX /* SinRutinaShare.appex */;
			productType = "com.apple.product-type.app-extension";
			fileSystemSynchronizedGroups = (
				XX6E8DBA43840B9F5908BEXX /* SinRutinaShare */,
				AA10000000000000000001AA /* SinRutinaShared */,
			);
		};
/* End PBXNativeTarget section */

/* Begin PBXProject section */
		105FC5722E9EAD3100EA8BCF /* Project object */ = {
			isa = PBXProject;
			attributes = {
				BuildIndependentTargetsInParallel = 1;
				LastSwiftUpdateCheck = 2600;
				LastUpgradeCheck = 2600;
				TargetAttributes = {
					105FC5792E9EAD3100EA8BCF = {
						CreatedOnToolsVersion = 26.0;
					};
					105FC5882E9EAD3200EA8BCF = {
						CreatedOnToolsVersion = 26.0;
						TestTargetID = 105FC5792E9EAD3100EA8BCF;
					};
					105FC5922E9EAD3200EA8BCF = {
						CreatedOnToolsVersion = 26.0;
						TestTargetID = 105FC5792E9EAD3100EA8BCF;
					};
				};
			};
			buildConfigurationList = 105FC5752E9EAD3100EA8BCF /* Build configuration list for PBXProject "SinRutina" */;
			developmentRegion = en;
			hasScannedForEncodings = 0;
			knownRegions = (
				en,
				Base,
			);
			mainGroup = 105FC5712E9EAD3100EA8BCF;
			minimizedProjectReferenceProxies = 1;
			preferredProjectObjectVersion = 77;
			productRefGroup = 105FC57B2E9EAD3100EA8BCF /* Products */;
			projectDirPath = "";
			projectRoot = "";
			targets = (
				105FC5792E9EAD3100EA8BCF /* SinRutina */,
				105FC5882E9EAD3200EA8BCF /* SinRutinaTests */,
				105FC5922E9EAD3200EA8BCF /* SinRutinaUITests */,
				XX5416A206134C9CCE3471XX /* SinRutinaWidget */,
				XXA6F677C54C897A335D33XX /* SinRutinaShare */,
				SC0000000000000000000010 /* SinRutinaShieldConfig */,
				SA0000000000000000000010 /* SinRutinaShieldAction */,
			);
		};
/* End PBXProject section */

/* Begin PBXResourcesBuildPhase section */
		105FC5782E9EAD3100EA8BCF /* Resources */ = {
			isa = PBXResourcesBuildPhase;
			buildActionMask = 2147483647;
			files = (
			);
			runOnlyForDeploymentPostprocessing = 0;
		};
		105FC5872E9EAD3200EA8BCF /* Resources */ = {
			isa = PBXResourcesBuildPhase;
			buildActionMask = 2147483647;
			files = (
			);
			runOnlyForDeploymentPostprocessing = 0;
		};
		105FC5912E9EAD3200EA8BCF /* Resources */ = {
			isa = PBXResourcesBuildPhase;
			buildActionMask = 2147483647;
			files = (
			);
			runOnlyForDeploymentPostprocessing = 0;
		};
		SA0000000000000000000009 /* Resources */ = {
			isa = PBXResourcesBuildPhase;
			buildActionMask = 2147483647;
			files = (
			);
			runOnlyForDeploymentPostprocessing = 0;
		};
		SC0000000000000000000009 /* Resources */ = {
			isa = PBXResourcesBuildPhase;
			buildActionMask = 2147483647;
			files = (
			);
			runOnlyForDeploymentPostprocessing = 0;
		};
		XX1B5E43B986D84544AB06XX /* Resources */ = {
			isa = PBXResourcesBuildPhase;
			buildActionMask = 2147483647;
			files = (
			);
			runOnlyForDeploymentPostprocessing = 0;
		};
		XX2D1102088145440A839BXX /* Resources */ = {
			isa = PBXResourcesBuildPhase;
			buildActionMask = 2147483647;
			files = (
			);
			runOnlyForDeploymentPostprocessing = 0;
		};
/* End PBXResourcesBuildPhase section */

/* Begin PBXSourcesBuildPhase section */
		105FC5762E9EAD3100EA8BCF /* Sources */ = {
			isa = PBXSourcesBuildPhase;
			buildActionMask = 2147483647;
			files = (
			);
			runOnlyForDeploymentPostprocessing = 0;
		};
		105FC5852E9EAD3200EA8BCF /* Sources */ = {
			isa = PBXSourcesBuildPhase;
			buildActionMask = 2147483647;
			files = (
			);
			runOnlyForDeploymentPostprocessing = 0;
		};
		105FC58F2E9EAD3200EA8BCF /* Sources */ = {
			isa = PBXSourcesBuildPhase;
			buildActionMask = 2147483647;
			files = (
			);
			runOnlyForDeploymentPostprocessing = 0;
		};
		SA0000000000000000000008 /* Sources */ = {
			isa = PBXSourcesBuildPhase;
			buildActionMask = 2147483647;
			files = (
			);
			runOnlyForDeploymentPostprocessing = 0;
		};
		SC0000000000000000000008 /* Sources */ = {
			isa = PBXSourcesBuildPhase;
			buildActionMask = 2147483647;
			files = (
			);
			runOnlyForDeploymentPostprocessing = 0;
		};
		XX1A5541177830C89E54D1XX /* Sources */ = {
			isa = PBXSourcesBuildPhase;
			buildActionMask = 2147483647;
			files = (
			);
			runOnlyForDeploymentPostprocessing = 0;
		};
		XXEB6FD6CDD427EB188841XX /* Sources */ = {
			isa = PBXSourcesBuildPhase;
			buildActionMask = 2147483647;
			files = (
			);
			runOnlyForDeploymentPostprocessing = 0;
		};
/* End PBXSourcesBuildPhase section */

/* Begin PBXTargetDependency section */
		105FC58B2E9EAD3200EA8BCF /* PBXTargetDependency */ = {
			isa = PBXTargetDependency;
			target = 105FC5792E9EAD3100EA8BCF /* SinRutina */;
			targetProxy = 105FC58A2E9EAD3200EA8BCF /* PBXContainerItemProxy */;
		};
		105FC5952E9EAD3200EA8BCF /* PBXTargetDependency */ = {
			isa = PBXTargetDependency;
			target = 105FC5792E9EAD3100EA8BCF /* SinRutina */;
			targetProxy = 105FC5942E9EAD3200EA8BCF /* PBXContainerItemProxy */;
		};
		SA0000000000000000000004 /* PBXTargetDependency */ = {
			isa = PBXTargetDependency;
			target = SA0000000000000000000010 /* SinRutinaShieldAction */;
			targetProxy = SA0000000000000000000003 /* PBXContainerItemProxy */;
		};
		SC0000000000000000000004 /* PBXTargetDependency */ = {
			isa = PBXTargetDependency;
			target = SC0000000000000000000010 /* SinRutinaShieldConfig */;
			targetProxy = SC0000000000000000000003 /* PBXContainerItemProxy */;
		};
		XX28E71730542D7AAD298EXX /* PBXTargetDependency */ = {
			isa = PBXTargetDependency;
			target = XX5416A206134C9CCE3471XX /* SinRutinaWidget */;
			targetProxy = XX4583B07050A1C3CC1EBFXX /* PBXContainerItemProxy */;
		};
		XXEA20C9048AA0D0599A53XX /* PBXTargetDependency */ = {
			isa = PBXTargetDependency;
			target = XXA6F677C54C897A335D33XX /* SinRutinaShare */;
			targetProxy = XX21208C7E854A9A95B291XX /* PBXContainerItemProxy */;
		};
/* End PBXTargetDependency section */

/* Begin XCBuildConfiguration section */
		105FC59B2E9EAD3200EA8BCF /* Debug */ = {
			isa = XCBuildConfiguration;
			buildSettings = {
				ALWAYS_SEARCH_USER_PATHS = NO;
				ASSETCATALOG_COMPILER_GENERATE_SWIFT_ASSET_SYMBOL_EXTENSIONS = YES;
				CLANG_ANALYZER_NONNULL = YES;
				CLANG_ANALYZER_NUMBER_OBJECT_CONVERSION = YES_AGGRESSIVE;
				CLANG_CXX_LANGUAGE_STANDARD = "gnu++20";
				CLANG_ENABLE_MODULES = YES;
				CLANG_ENABLE_OBJC_ARC = YES;
				CLANG_ENABLE_OBJC_WEAK = YES;
				CLANG_WARN_BLOCK_CAPTURE_AUTORELEASING = YES;
				CLANG_WARN_BOOL_CONVERSION = YES;
				CLANG_WARN_COMMA = YES;
				CLANG_WARN_CONSTANT_CONVERSION = YES;
				CLANG_WARN_DEPRECATED_OBJC_IMPLEMENTATIONS = YES;
				CLANG_WARN_DIRECT_OBJC_ISA_USAGE = YES_ERROR;
				CLANG_WARN_DOCUMENTATION_COMMENTS = YES;
				CLANG_WARN_EMPTY_BODY = YES;
				CLANG_WARN_ENUM_CONVERSION = YES;
				CLANG_WARN_INFINITE_RECURSION = YES;
				CLANG_WARN_INT_CONVERSION = YES;
				CLANG_WARN_NON_LITERAL_NULL_CONVERSION = YES;
				CLANG_WARN_OBJC_IMPLICIT_RETAIN_SELF = YES;
				CLANG_WARN_OBJC_LITERAL_CONVERSION = YES;
				CLANG_WARN_OBJC_ROOT_CLASS = YES_ERROR;
				CLANG_WARN_QUOTED_INCLUDE_IN_FRAMEWORK_HEADER = YES;
				CLANG_WARN_RANGE_LOOP_ANALYSIS = YES;
				CLANG_WARN_STRICT_PROTOTYPES = YES;
				CLANG_WARN_SUSPICIOUS_MOVE = YES;
				CLANG_WARN_UNGUARDED_AVAILABILITY = YES_AGGRESSIVE;
				CLANG_WARN_UNREACHABLE_CODE = YES;
				CLANG_WARN__DUPLICATE_METHOD_MATCH = YES;
				COPY_PHASE_STRIP = NO;
				DEBUG_INFORMATION_FORMAT = dwarf;
				DEVELOPMENT_TEAM = "";
				ENABLE_STRICT_OBJC_MSGSEND = YES;
				ENABLE_TESTABILITY = YES;
				ENABLE_USER_SCRIPT_SANDBOXING = YES;
				GCC_C_LANGUAGE_STANDARD = gnu17;
				GCC_DYNAMIC_NO_PIC = NO;
				GCC_NO_COMMON_BLOCKS = YES;
				GCC_OPTIMIZATION_LEVEL = 0;
				GCC_PREPROCESSOR_DEFINITIONS = (
					"DEBUG=1",
					"$(inherited)",
				);
				GCC_WARN_64_TO_32_BIT_CONVERSION = YES;
				GCC_WARN_ABOUT_RETURN_TYPE = YES_ERROR;
				GCC_WARN_UNDECLARED_SELECTOR = YES;
				GCC_WARN_UNINITIALIZED_AUTOS = YES_AGGRESSIVE;
				GCC_WARN_UNUSED_FUNCTION = YES;
				GCC_WARN_UNUSED_VARIABLE = YES;
				IPHONEOS_DEPLOYMENT_TARGET = 18.0;
				LOCALIZATION_PREFERS_STRING_CATALOGS = YES;
				MTL_ENABLE_DEBUG_INFO = INCLUDE_SOURCE;
				MTL_FAST_MATH = YES;
				ONLY_ACTIVE_ARCH = YES;
				SDKROOT = iphoneos;
				SWIFT_ACTIVE_COMPILATION_CONDITIONS = "DEBUG $(inherited)";
				SWIFT_OPTIMIZATION_LEVEL = "-Onone";
			};
			name = Debug;
		};
		105FC59C2E9EAD3200EA8BCF /* Release */ = {
			isa = XCBuildConfiguration;
			buildSettings = {
				ALWAYS_SEARCH_USER_PATHS = NO;
				ASSETCATALOG_COMPILER_GENERATE_SWIFT_ASSET_SYMBOL_EXTENSIONS = YES;
				CLANG_ANALYZER_NONNULL = YES;
				CLANG_ANALYZER_NUMBER_OBJECT_CONVERSION = YES_AGGRESSIVE;
				CLANG_CXX_LANGUAGE_STANDARD = "gnu++20";
				CLANG_ENABLE_MODULES = YES;
				CLANG_ENABLE_OBJC_ARC = YES;
				CLANG_ENABLE_OBJC_WEAK = YES;
				CLANG_WARN_BLOCK_CAPTURE_AUTORELEASING = YES;
				CLANG_WARN_BOOL_CONVERSION = YES;
				CLANG_WARN_COMMA = YES;
				CLANG_WARN_CONSTANT_CONVERSION = YES;
				CLANG_WARN_DEPRECATED_OBJC_IMPLEMENTATIONS = YES;
				CLANG_WARN_DIRECT_OBJC_ISA_USAGE = YES_ERROR;
				CLANG_WARN_DOCUMENTATION_COMMENTS = YES;
				CLANG_WARN_EMPTY_BODY = YES;
				CLANG_WARN_ENUM_CONVERSION = YES;
				CLANG_WARN_INFINITE_RECURSION = YES;
				CLANG_WARN_INT_CONVERSION = YES;
				CLANG_WARN_NON_LITERAL_NULL_CONVERSION = YES;
				CLANG_WARN_OBJC_IMPLICIT_RETAIN_SELF = YES;
				CLANG_WARN_OBJC_LITERAL_CONVERSION = YES;
				CLANG_WARN_OBJC_ROOT_CLASS = YES_ERROR;
				CLANG_WARN_QUOTED_INCLUDE_IN_FRAMEWORK_HEADER = YES;
				CLANG_WARN_RANGE_LOOP_ANALYSIS = YES;
				CLANG_WARN_STRICT_PROTOTYPES = YES;
				CLANG_WARN_SUSPICIOUS_MOVE = YES;
				CLANG_WARN_UNGUARDED_AVAILABILITY = YES_AGGRESSIVE;
				CLANG_WARN_UNREACHABLE_CODE = YES;
				CLANG_WARN__DUPLICATE_METHOD_MATCH = YES;
				COPY_PHASE_STRIP = NO;
				DEBUG_INFORMATION_FORMAT = "dwarf-with-dsym";
				DEVELOPMENT_TEAM = "";
				ENABLE_NS_ASSERTIONS = NO;
				ENABLE_STRICT_OBJC_MSGSEND = YES;
				ENABLE_USER_SCRIPT_SANDBOXING = YES;
				GCC_C_LANGUAGE_STANDARD = gnu17;
				GCC_NO_COMMON_BLOCKS = YES;
				GCC_WARN_64_TO_32_BIT_CONVERSION = YES;
				GCC_WARN_ABOUT_RETURN_TYPE = YES_ERROR;
				GCC_WARN_UNDECLARED_SELECTOR = YES;
				GCC_WARN_UNINITIALIZED_AUTOS = YES_AGGRESSIVE;
				GCC_WARN_UNUSED_FUNCTION = YES;
				GCC_WARN_UNUSED_VARIABLE = YES;
				IPHONEOS_DEPLOYMENT_TARGET = 18.0;
				LOCALIZATION_PREFERS_STRING_CATALOGS = YES;
				MTL_ENABLE_DEBUG_INFO = NO;
				MTL_FAST_MATH = YES;
				SDKROOT = iphoneos;
				SWIFT_COMPILATION_MODE = wholemodule;
				VALIDATE_PRODUCT = YES;
			};
			name = Release;
		};
		105FC59E2E9EAD3200EA8BCF /* Debug */ = {
			isa = XCBuildConfiguration;
			buildSettings = {
				ASSETCATALOG_COMPILER_ALTERNATE_APPICON_NAMES = "AppIconBlue AppIconLavender AppIconMint AppIconMonoLight AppIconMonoDark";
				ASSETCATALOG_COMPILER_APPICON_NAME = AppIcon;
				ASSETCATALOG_COMPILER_GLOBAL_ACCENT_COLOR_NAME = AccentColor;
				ASSETCATALOG_COMPILER_INCLUDE_ALL_APPICON_ASSETS = YES;
				CODE_SIGN_STYLE = Automatic;
				CURRENT_PROJECT_VERSION = 1;
				DEVELOPMENT_TEAM = "";
				ENABLE_PREVIEWS = YES;
				GENERATE_INFOPLIST_FILE = YES;
				INFOPLIST_KEY_ITSAppUsesNonExemptEncryption = NO;
				INFOPLIST_KEY_NSAlarmKitUsageDescription = "Las alarmas suenan cuando marcas algo como “No me dejes olvidarlo”.";
				INFOPLIST_KEY_NSCalendarsFullAccessUsageDescription = "SinRutina lee tus huecos libres para no proponerte algo imposible, y crea eventos solo en los calendarios que actives.";
				INFOPLIST_KEY_NSCalendarsUsageDescription = "SinRutina lee tus huecos libres y crea eventos solo en los calendarios que actives.";
				INFOPLIST_KEY_NSLocationAlwaysAndWhenInUseUsageDescription = "Con “Siempre” SinRutina puede aprender cuánto tardas en tus recorridos habituales incluso si la app está cerrada, usando las señales de bajo consumo de iOS. No guarda por dónde pasas.";
				INFOPLIST_KEY_NSLocationWhenInUseUsageDescription = "SinRutina aprende cuánto tardas realmente en tus recorridos habituales para avisarte cuándo conviene salir. No hay seguimiento continuo.";
				INFOPLIST_KEY_NSMicrophoneUsageDescription = "SinRutina usa el micrófono para que puedas dictar lo que tienes que hacer.";
				INFOPLIST_KEY_NSRemindersFullAccessUsageDescription = "SinRutina puede leer y crear recordatorios para no duplicar lo que ya tienes en Recordatorios.";
				INFOPLIST_KEY_NSRemindersUsageDescription = "SinRutina puede leer y crear recordatorios para no duplicar lo que ya tienes.";
				INFOPLIST_KEY_NSSpeechRecognitionUsageDescription = "El reconocimiento de voz convierte tu dictado en texto en este iPhone.";
				INFOPLIST_KEY_NSSupportsLiveActivities = YES;
				INFOPLIST_KEY_UIApplicationSceneManifest_Generation = YES;
				INFOPLIST_KEY_UIApplicationSupportsIndirectInputEvents = YES;
				INFOPLIST_KEY_UIBackgroundModes = location;
				INFOPLIST_KEY_UILaunchScreen_Generation = YES;
				INFOPLIST_KEY_UISupportedInterfaceOrientations_iPad = "UIInterfaceOrientationPortrait UIInterfaceOrientationPortraitUpsideDown UIInterfaceOrientationLandscapeLeft UIInterfaceOrientationLandscapeRight";
				INFOPLIST_KEY_UISupportedInterfaceOrientations_iPhone = "UIInterfaceOrientationPortrait UIInterfaceOrientationLandscapeLeft UIInterfaceOrientationLandscapeRight";
				LD_RUNPATH_SEARCH_PATHS = (
					"$(inherited)",
					"@executable_path/Frameworks",
				);
				MARKETING_VERSION = 1.0.0;
				PRODUCT_BUNDLE_IDENTIFIER = app.rork.txdqdl3g4c4eqlv6x06ff;
				PRODUCT_NAME = "$(TARGET_NAME)";
				STRING_CATALOG_GENERATE_SYMBOLS = YES;
				SWIFT_APPROACHABLE_CONCURRENCY = YES;
				SWIFT_DEFAULT_ACTOR_ISOLATION = MainActor;
				SWIFT_EMIT_LOC_STRINGS = YES;
				SWIFT_UPCOMING_FEATURE_MEMBER_IMPORT_VISIBILITY = YES;
				SWIFT_VERSION = 5.0;
				TARGETED_DEVICE_FAMILY = "1,2";
				INFOPLIST_KEY_CFBundleDisplayName = SinRutina;
			};
			name = Debug;
		};
		105FC59F2E9EAD3200EA8BCF /* Release */ = {
			isa = XCBuildConfiguration;
			buildSettings = {
				ASSETCATALOG_COMPILER_ALTERNATE_APPICON_NAMES = "AppIconBlue AppIconLavender AppIconMint AppIconMonoLight AppIconMonoDark";
				ASSETCATALOG_COMPILER_APPICON_NAME = AppIcon;
				ASSETCATALOG_COMPILER_GLOBAL_ACCENT_COLOR_NAME = AccentColor;
				ASSETCATALOG_COMPILER_INCLUDE_ALL_APPICON_ASSETS = YES;
				CODE_SIGN_STYLE = Automatic;
				CURRENT_PROJECT_VERSION = 1;
				DEVELOPMENT_TEAM = "";
				ENABLE_PREVIEWS = YES;
				GENERATE_INFOPLIST_FILE = YES;
				INFOPLIST_KEY_ITSAppUsesNonExemptEncryption = NO;
				INFOPLIST_KEY_NSAlarmKitUsageDescription = "Las alarmas suenan cuando marcas algo como “No me dejes olvidarlo”.";
				INFOPLIST_KEY_NSCalendarsFullAccessUsageDescription = "SinRutina lee tus huecos libres para no proponerte algo imposible, y crea eventos solo en los calendarios que actives.";
				INFOPLIST_KEY_NSCalendarsUsageDescription = "SinRutina lee tus huecos libres y crea eventos solo en los calendarios que actives.";
				INFOPLIST_KEY_NSLocationAlwaysAndWhenInUseUsageDescription = "Con “Siempre” SinRutina puede aprender cuánto tardas en tus recorridos habituales incluso si la app está cerrada, usando las señales de bajo consumo de iOS. No guarda por dónde pasas.";
				INFOPLIST_KEY_NSLocationWhenInUseUsageDescription = "SinRutina aprende cuánto tardas realmente en tus recorridos habituales para avisarte cuándo conviene salir. No hay seguimiento continuo.";
				INFOPLIST_KEY_NSMicrophoneUsageDescription = "SinRutina usa el micrófono para que puedas dictar lo que tienes que hacer.";
				INFOPLIST_KEY_NSRemindersFullAccessUsageDescription = "SinRutina puede leer y crear recordatorios para no duplicar lo que ya tienes en Recordatorios.";
				INFOPLIST_KEY_NSRemindersUsageDescription = "SinRutina puede leer y crear recordatorios para no duplicar lo que ya tienes.";
				INFOPLIST_KEY_NSSpeechRecognitionUsageDescription = "El reconocimiento de voz convierte tu dictado en texto en este iPhone.";
				INFOPLIST_KEY_NSSupportsLiveActivities = YES;
				INFOPLIST_KEY_UIApplicationSceneManifest_Generation = YES;
				INFOPLIST_KEY_UIApplicationSupportsIndirectInputEvents = YES;
				INFOPLIST_KEY_UIBackgroundModes = location;
				INFOPLIST_KEY_UILaunchScreen_Generation = YES;
				INFOPLIST_KEY_UISupportedInterfaceOrientations_iPad = "UIInterfaceOrientationPortrait UIInterfaceOrientationPortraitUpsideDown UIInterfaceOrientationLandscapeLeft UIInterfaceOrientationLandscapeRight";
				INFOPLIST_KEY_UISupportedInterfaceOrientations_iPhone = "UIInterfaceOrientationPortrait UIInterfaceOrientationLandscapeLeft UIInterfaceOrientationLandscapeRight";
				LD_RUNPATH_SEARCH_PATHS = (
					"$(inherited)",
					"@executable_path/Frameworks",
				);
				MARKETING_VERSION = 1.0.0;
				PRODUCT_BUNDLE_IDENTIFIER = app.rork.txdqdl3g4c4eqlv6x06ff;
				PRODUCT_NAME = "$(TARGET_NAME)";
				STRING_CATALOG_GENERATE_SYMBOLS = YES;
				SWIFT_APPROACHABLE_CONCURRENCY = YES;
				SWIFT_DEFAULT_ACTOR_ISOLATION = MainActor;
				SWIFT_EMIT_LOC_STRINGS = YES;
				SWIFT_UPCOMING_FEATURE_MEMBER_IMPORT_VISIBILITY = YES;
				SWIFT_VERSION = 5.0;
				TARGETED_DEVICE_FAMILY = "1,2";
				INFOPLIST_KEY_CFBundleDisplayName = SinRutina;
			};
			name = Release;
		};
		105FC5A12E9EAD3200EA8BCF /* Debug */ = {
			isa = XCBuildConfiguration;
			buildSettings = {
				BUNDLE_LOADER = "$(TEST_HOST)";
				CODE_SIGN_STYLE = Automatic;
				CURRENT_PROJECT_VERSION = 1;
				DEVELOPMENT_TEAM = "";
				GENERATE_INFOPLIST_FILE = YES;
				IPHONEOS_DEPLOYMENT_TARGET = 18.0;
				MARKETING_VERSION = 1.0.0;
				PRODUCT_BUNDLE_IDENTIFIER = app.rork.txdqdl3g4c4eqlv6x06ff.tests;
				PRODUCT_NAME = "$(TARGET_NAME)";
				STRING_CATALOG_GENERATE_SYMBOLS = NO;
				SWIFT_APPROACHABLE_CONCURRENCY = YES;
				SWIFT_EMIT_LOC_STRINGS = NO;
				SWIFT_UPCOMING_FEATURE_MEMBER_IMPORT_VISIBILITY = YES;
				SWIFT_VERSION = 5.0;
				TARGETED_DEVICE_FAMILY = "1,2";
				TEST_HOST = "$(BUILT_PRODUCTS_DIR)/SinRutina.app/$(BUNDLE_EXECUTABLE_FOLDER_PATH)/SinRutina";
			};
			name = Debug;
		};
		105FC5A22E9EAD3200EA8BCF /* Release */ = {
			isa = XCBuildConfiguration;
			buildSettings = {
				BUNDLE_LOADER = "$(TEST_HOST)";
				CODE_SIGN_STYLE = Automatic;
				CURRENT_PROJECT_VERSION = 1;
				DEVELOPMENT_TEAM = "";
				GENERATE_INFOPLIST_FILE = YES;
				IPHONEOS_DEPLOYMENT_TARGET = 18.0;
				MARKETING_VERSION = 1.0.0;
				PRODUCT_BUNDLE_IDENTIFIER = app.rork.txdqdl3g4c4eqlv6x06ff.tests;
				PRODUCT_NAME = "$(TARGET_NAME)";
				STRING_CATALOG_GENERATE_SYMBOLS = NO;
				SWIFT_APPROACHABLE_CONCURRENCY = YES;
				SWIFT_EMIT_LOC_STRINGS = NO;
				SWIFT_UPCOMING_FEATURE_MEMBER_IMPORT_VISIBILITY = YES;
				SWIFT_VERSION = 5.0;
				TARGETED_DEVICE_FAMILY = "1,2";
				TEST_HOST = "$(BUILT_PRODUCTS_DIR)/SinRutina.app/$(BUNDLE_EXECUTABLE_FOLDER_PATH)/SinRutina";
			};
			name = Release;
		};
		105FC5A42E9EAD3200EA8BCF /* Debug */ = {
			isa = XCBuildConfiguration;
			buildSettings = {
				CODE_SIGN_STYLE = Automatic;
				CURRENT_PROJECT_VERSION = 1;
				DEVELOPMENT_TEAM = "";
				GENERATE_INFOPLIST_FILE = YES;
				MARKETING_VERSION = 1.0.0;
				PRODUCT_BUNDLE_IDENTIFIER = app.rork.txdqdl3g4c4eqlv6x06ff.uitests;
				PRODUCT_NAME = "$(TARGET_NAME)";
				STRING_CATALOG_GENERATE_SYMBOLS = NO;
				SWIFT_APPROACHABLE_CONCURRENCY = YES;
				SWIFT_EMIT_LOC_STRINGS = NO;
				SWIFT_UPCOMING_FEATURE_MEMBER_IMPORT_VISIBILITY = YES;
				SWIFT_VERSION = 5.0;
				TARGETED_DEVICE_FAMILY = "1,2";
				TEST_TARGET_NAME = SinRutina;
			};
			name = Debug;
		};
		105FC5A52E9EAD3200EA8BCF /* Release */ = {
			isa = XCBuildConfiguration;
			buildSettings = {
				CODE_SIGN_STYLE = Automatic;
				CURRENT_PROJECT_VERSION = 1;
				DEVELOPMENT_TEAM = "";
				GENERATE_INFOPLIST_FILE = YES;
				MARKETING_VERSION = 1.0.0;
				PRODUCT_BUNDLE_IDENTIFIER = app.rork.txdqdl3g4c4eqlv6x06ff.uitests;
				PRODUCT_NAME = "$(TARGET_NAME)";
				STRING_CATALOG_GENERATE_SYMBOLS = NO;
				SWIFT_APPROACHABLE_CONCURRENCY = YES;
				SWIFT_EMIT_LOC_STRINGS = NO;
				SWIFT_UPCOMING_FEATURE_MEMBER_IMPORT_VISIBILITY = YES;
				SWIFT_VERSION = 5.0;
				TARGETED_DEVICE_FAMILY = "1,2";
				TEST_TARGET_NAME = SinRutina;
			};
			name = Release;
		};
		SA0000000000000000000012 /* Debug */ = {
			isa = XCBuildConfiguration;
			buildSettings = {
				CODE_SIGN_ENTITLEMENTS = SinRutinaShieldAction/SinRutinaShieldAction.entitlements;
				PRODUCT_NAME = "$(TARGET_NAME)";
				PRODUCT_BUNDLE_IDENTIFIER = app.rork.txdqdl3g4c4eqlv6x06ff.shieldaction;
				SDKROOT = iphoneos;
				IPHONEOS_DEPLOYMENT_TARGET = 18.0;
				SUPPORTED_PLATFORMS = "iphoneos iphonesimulator";
				GENERATE_INFOPLIST_FILE = YES;
				INFOPLIST_FILE = SinRutinaShieldAction/Info.plist;
				SWIFT_VERSION = 5.0;
				SWIFT_DEFAULT_ACTOR_ISOLATION = MainActor;
				SKIP_INSTALL = YES;
				SWIFT_EMIT_LOC_STRINGS = YES;
				CODE_SIGN_STYLE = Automatic;
				CURRENT_PROJECT_VERSION = 1;
				MARKETING_VERSION = 1.0;
				LD_RUNPATH_SEARCH_PATHS = "$(inherited) @executable_path/Frameworks @executable_path/../../Frameworks";
				INFOPLIST_KEY_CFBundleDisplayName = "$(PRODUCT_NAME)";
			};
			name = Debug;
		};
		SA0000000000000000000013 /* Release */ = {
			isa = XCBuildConfiguration;
			buildSettings = {
				CODE_SIGN_ENTITLEMENTS = SinRutinaShieldAction/SinRutinaShieldAction.entitlements;
				PRODUCT_NAME = "$(TARGET_NAME)";
				PRODUCT_BUNDLE_IDENTIFIER = app.rork.txdqdl3g4c4eqlv6x06ff.shieldaction;
				SDKROOT = iphoneos;
				IPHONEOS_DEPLOYMENT_TARGET = 18.0;
				SUPPORTED_PLATFORMS = "iphoneos iphonesimulator";
				GENERATE_INFOPLIST_FILE = YES;
				INFOPLIST_FILE = SinRutinaShieldAction/Info.plist;
				SWIFT_VERSION = 5.0;
				SWIFT_DEFAULT_ACTOR_ISOLATION = MainActor;
				SKIP_INSTALL = YES;
				SWIFT_EMIT_LOC_STRINGS = YES;
				CODE_SIGN_STYLE = Automatic;
				CURRENT_PROJECT_VERSION = 1;
				MARKETING_VERSION = 1.0;
				LD_RUNPATH_SEARCH_PATHS = "$(inherited) @executable_path/Frameworks @executable_path/../../Frameworks";
				INFOPLIST_KEY_CFBundleDisplayName = "$(PRODUCT_NAME)";
			};
			name = Release;
		};
		SC0000000000000000000012 /* Debug */ = {
			isa = XCBuildConfiguration;
			buildSettings = {
				CODE_SIGN_ENTITLEMENTS = SinRutinaShieldConfig/SinRutinaShieldConfig.entitlements;
				PRODUCT_NAME = "$(TARGET_NAME)";
				PRODUCT_BUNDLE_IDENTIFIER = app.rork.txdqdl3g4c4eqlv6x06ff.shieldconfig;
				SDKROOT = iphoneos;
				IPHONEOS_DEPLOYMENT_TARGET = 18.0;
				SUPPORTED_PLATFORMS = "iphoneos iphonesimulator";
				GENERATE_INFOPLIST_FILE = YES;
				INFOPLIST_FILE = SinRutinaShieldConfig/Info.plist;
				SWIFT_VERSION = 5.0;
				SWIFT_DEFAULT_ACTOR_ISOLATION = MainActor;
				SKIP_INSTALL = YES;
				SWIFT_EMIT_LOC_STRINGS = YES;
				CODE_SIGN_STYLE = Automatic;
				CURRENT_PROJECT_VERSION = 1;
				MARKETING_VERSION = 1.0;
				LD_RUNPATH_SEARCH_PATHS = "$(inherited) @executable_path/Frameworks @executable_path/../../Frameworks";
				INFOPLIST_KEY_CFBundleDisplayName = "$(PRODUCT_NAME)";
			};
			name = Debug;
		};
		SC0000000000000000000013 /* Release */ = {
			isa = XCBuildConfiguration;
			buildSettings = {
				CODE_SIGN_ENTITLEMENTS = SinRutinaShieldConfig/SinRutinaShieldConfig.entitlements;
				PRODUCT_NAME = "$(TARGET_NAME)";
				PRODUCT_BUNDLE_IDENTIFIER = app.rork.txdqdl3g4c4eqlv6x06ff.shieldconfig;
				SDKROOT = iphoneos;
				IPHONEOS_DEPLOYMENT_TARGET = 18.0;
				SUPPORTED_PLATFORMS = "iphoneos iphonesimulator";
				GENERATE_INFOPLIST_FILE = YES;
				INFOPLIST_FILE = SinRutinaShieldConfig/Info.plist;
				SWIFT_VERSION = 5.0;
				SWIFT_DEFAULT_ACTOR_ISOLATION = MainActor;
				SKIP_INSTALL = YES;
				SWIFT_EMIT_LOC_STRINGS = YES;
				CODE_SIGN_STYLE = Automatic;
				CURRENT_PROJECT_VERSION = 1;
				MARKETING_VERSION = 1.0;
				LD_RUNPATH_SEARCH_PATHS = "$(inherited) @executable_path/Frameworks @executable_path/../../Frameworks";
				INFOPLIST_KEY_CFBundleDisplayName = "$(PRODUCT_NAME)";
			};
			name = Release;
		};
		XX3292CA1E84746334398DXX /* Release */ = {
			isa = XCBuildConfiguration;
			buildSettings = {
				CODE_SIGN_ENTITLEMENTS = SinRutinaShare/SinRutinaShare.entitlements;
				PRODUCT_NAME = "$(TARGET_NAME)";
				PRODUCT_BUNDLE_IDENTIFIER = app.rork.txdqdl3g4c4eqlv6x06ff.sinrutinashare;
				SDKROOT = iphoneos;
				IPHONEOS_DEPLOYMENT_TARGET = 18.0;
				SUPPORTED_PLATFORMS = "iphoneos iphonesimulator";
				GENERATE_INFOPLIST_FILE = YES;
				INFOPLIST_FILE = SinRutinaShare/Info.plist;
				SWIFT_VERSION = 5.0;
				SWIFT_DEFAULT_ACTOR_ISOLATION = MainActor;
				SKIP_INSTALL = YES;
				SWIFT_EMIT_LOC_STRINGS = YES;
				CODE_SIGN_STYLE = Automatic;
				CURRENT_PROJECT_VERSION = 1;
				MARKETING_VERSION = 1.0;
				LD_RUNPATH_SEARCH_PATHS = "$(inherited) @executable_path/Frameworks @executable_path/../../Frameworks";
				INFOPLIST_KEY_CFBundleDisplayName = "$(PRODUCT_NAME)";
			};
			name = Release;
		};
		XX371FE3E586630B069A9FXX /* Debug */ = {
			isa = XCBuildConfiguration;
			buildSettings = {
				CODE_SIGN_ENTITLEMENTS = SinRutinaShare/SinRutinaShare.entitlements;
				PRODUCT_NAME = "$(TARGET_NAME)";
				PRODUCT_BUNDLE_IDENTIFIER = app.rork.txdqdl3g4c4eqlv6x06ff.sinrutinashare;
				SDKROOT = iphoneos;
				IPHONEOS_DEPLOYMENT_TARGET = 18.0;
				SUPPORTED_PLATFORMS = "iphoneos iphonesimulator";
				GENERATE_INFOPLIST_FILE = YES;
				INFOPLIST_FILE = SinRutinaShare/Info.plist;
				SWIFT_VERSION = 5.0;
				SWIFT_DEFAULT_ACTOR_ISOLATION = MainActor;
				SKIP_INSTALL = YES;
				SWIFT_EMIT_LOC_STRINGS = YES;
				CODE_SIGN_STYLE = Automatic;
				CURRENT_PROJECT_VERSION = 1;
				MARKETING_VERSION = 1.0;
				LD_RUNPATH_SEARCH_PATHS = "$(inherited) @executable_path/Frameworks @executable_path/../../Frameworks";
				INFOPLIST_KEY_CFBundleDisplayName = "$(PRODUCT_NAME)";
			};
			name = Debug;
		};
		XX93E7B0F9D22E547D3504XX /* Release */ = {
			isa = XCBuildConfiguration;
			buildSettings = {
				CODE_SIGN_ENTITLEMENTS = SinRutinaWidget/SinRutinaWidget.entitlements;
				PRODUCT_NAME = "$(TARGET_NAME)";
				PRODUCT_BUNDLE_IDENTIFIER = app.rork.txdqdl3g4c4eqlv6x06ff.sinrutinawidget;
				SDKROOT = iphoneos;
				IPHONEOS_DEPLOYMENT_TARGET = 18.0;
				SUPPORTED_PLATFORMS = "iphoneos iphonesimulator";
				GENERATE_INFOPLIST_FILE = YES;
				INFOPLIST_FILE = SinRutinaWidget/Info.plist;
				SWIFT_VERSION = 5.0;
				SWIFT_DEFAULT_ACTOR_ISOLATION = MainActor;
				SKIP_INSTALL = YES;
				SWIFT_EMIT_LOC_STRINGS = YES;
				CODE_SIGN_STYLE = Automatic;
				CURRENT_PROJECT_VERSION = 1;
				MARKETING_VERSION = 1.0;
				LD_RUNPATH_SEARCH_PATHS = "$(inherited) @executable_path/Frameworks @executable_path/../../Frameworks";
				INFOPLIST_KEY_CFBundleDisplayName = "$(PRODUCT_NAME)";
			};
			name = Release;
		};
		XXDC95C2C468B78889A537XX /* Debug */ = {
			isa = XCBuildConfiguration;
			buildSettings = {
				CODE_SIGN_ENTITLEMENTS = SinRutinaWidget/SinRutinaWidget.entitlements;
				PRODUCT_NAME = "$(TARGET_NAME)";
				PRODUCT_BUNDLE_IDENTIFIER = app.rork.txdqdl3g4c4eqlv6x06ff.sinrutinawidget;
				SDKROOT = iphoneos;
				IPHONEOS_DEPLOYMENT_TARGET = 18.0;
				SUPPORTED_PLATFORMS = "iphoneos iphonesimulator";
				GENERATE_INFOPLIST_FILE = YES;
				INFOPLIST_FILE = SinRutinaWidget/Info.plist;
				SWIFT_VERSION = 5.0;
				SWIFT_DEFAULT_ACTOR_ISOLATION = MainActor;
				SKIP_INSTALL = YES;
				SWIFT_EMIT_LOC_STRINGS = YES;
				CODE_SIGN_STYLE = Automatic;
				CURRENT_PROJECT_VERSION = 1;
				MARKETING_VERSION = 1.0;
				LD_RUNPATH_SEARCH_PATHS = "$(inherited) @executable_path/Frameworks @executable_path/../../Frameworks";
				INFOPLIST_KEY_CFBundleDisplayName = "$(PRODUCT_NAME)";
			};
			name = Debug;
		};
/* End XCBuildConfiguration section */

/* Begin XCConfigurationList section */
		105FC5752E9EAD3100EA8BCF /* Build configuration list for PBXProject "SinRutina" */ = {
			isa = XCConfigurationList;
			buildConfigurations = (
				105FC59B2E9EAD3200EA8BCF /* Debug */,
				105FC59C2E9EAD3200EA8BCF /* Release */,
			);
			defaultConfigurationIsVisible = 0;
			defaultConfigurationName = Release;
		};
		105FC59D2E9EAD3200EA8BCF /* Build configuration list for PBXNativeTarget "SinRutina" */ = {
			isa = XCConfigurationList;
			buildConfigurations = (
				105FC59E2E9EAD3200EA8BCF /* Debug */,
				105FC59F2E9EAD3200EA8BCF /* Release */,
			);
			defaultConfigurationIsVisible = 0;
			defaultConfigurationName = Release;
		};
		105FC5A02E9EAD3200EA8BCF /* Build configuration list for PBXNativeTarget "SinRutinaTests" */ = {
			isa = XCConfigurationList;
			buildConfigurations = (
				105FC5A12E9EAD3200EA8BCF /* Debug */,
				105FC5A22E9EAD3200EA8BCF /* Release */,
			);
			defaultConfigurationIsVisible = 0;
			defaultConfigurationName = Release;
		};
		105FC5A32E9EAD3200EA8BCF /* Build configuration list for PBXNativeTarget "SinRutinaUITests" */ = {
			isa = XCConfigurationList;
			buildConfigurations = (
				105FC5A42E9EAD3200EA8BCF /* Debug */,
				105FC5A52E9EAD3200EA8BCF /* Release */,
			);
			defaultConfigurationIsVisible = 0;
			defaultConfigurationName = Release;
		};
		SA0000000000000000000011 /* Build configuration list for PBXNativeTarget "SinRutinaShieldAction" */ = {
			isa = XCConfigurationList;
			buildConfigurations = (
				SA0000000000000000000012 /* Debug */,
				SA0000000000000000000013 /* Release */,
			);
			defaultConfigurationIsVisible = 0;
			defaultConfigurationName = Release;
		};
		SC0000000000000000000011 /* Build configuration list for PBXNativeTarget "SinRutinaShieldConfig" */ = {
			isa = XCConfigurationList;
			buildConfigurations = (
				SC0000000000000000000012 /* Debug */,
				SC0000000000000000000013 /* Release */,
			);
			defaultConfigurationIsVisible = 0;
			defaultConfigurationName = Release;
		};
		XX492F483C5A49498A7F8CXX /* Build configuration list for PBXNativeTarget "SinRutinaWidget" */ = {
			isa = XCConfigurationList;
			buildConfigurations = (
				XXDC95C2C468B78889A537XX /* Debug */,
				XX93E7B0F9D22E547D3504XX /* Release */,
			);
			defaultConfigurationIsVisible = 0;
			defaultConfigurationName = Release;
		};
		XX5F467D4A3EB4DBB7D180XX /* Build configuration list for PBXNativeTarget "SinRutinaShare" */ = {
			isa = XCConfigurationList;
			buildConfigurations = (
				XX371FE3E586630B069A9FXX /* Debug */,
				XX3292CA1E84746334398DXX /* Release */,
			);
			defaultConfigurationIsVisible = 0;
			defaultConfigurationName = Release;
		};
/* End XCConfigurationList section */
	};
	rootObject = 105FC5722E9EAD3100EA8BCF /* Project object */;
}
